
Microsoft Visual Studio Solution File, Format Version 12.00
# Visual Studio 14
VisualStudioVersion = 14.0.24720.0
MinimumVisualStudioVersion = 10.0.40219.1
Project("{FAE04EC0-301F-11D3-BF4B-00C04F79EFBC}") = "ResxTranslator", "ResxTranslator.csproj", "{D26D4B43-EA97-4021-820F-5543E9B5C080}"
EndProject
Project("{FAE04EC0-301F-11D3-BF4B-00C04F79EFBC}") = "PortableSettingsProvider", "PortableSettingsProvider\PortableSettingsProvider.csproj", "{68C10A7E-883F-443A-B7A0-41E06AD56602}"
EndProject
Project("{FAE04EC0-301F-11D3-BF4B-00C04F79EFBC}") = "ResxTranslatorTests", "ResxTranslatorTests\ResxTranslatorTests.csproj", "{CC99DA13-EE29-4419-9E53-4E10FDC0BCC1}"
EndProject
Global
	GlobalSection(SolutionConfigurationPlatforms) = preSolution
		Debug|Any CPU = Debug|Any CPU
		Release|Any CPU = Release|Any CPU
	EndGlobalSection
	GlobalSection(ProjectConfigurationPlatforms) = postSolution
		{D26D4B43-EA97-4021-820F-5543E9B5C080}.Debug|Any CPU.ActiveCfg = Debug|Any CPU
		{D26D4B43-EA97-4021-820F-5543E9B5C080}.Debug|Any CPU.Build.0 = Debug|Any CPU
		{D26D4B43-EA97-4021-820F-5543E9B5C080}.Release|Any CPU.ActiveCfg = Release|Any CPU
		{D26D4B43-EA97-4021-820F-5543E9B5C080}.Release|Any CPU.Build.0 = Release|Any CPU
		{68C10A7E-883F-443A-B7A0-41E06AD56602}.Debug|Any CPU.ActiveCfg = Debug|Any CPU
		{68C10A7E-883F-443A-B7A0-41E06AD56602}.Debug|Any CPU.Build.0 = Debug|Any CPU
		{68C10A7E-883F-443A-B7A0-41E06AD56602}.Release|Any CPU.ActiveCfg = Release|Any CPU
		{68C10A7E-883F-443A-B7A0-41E06AD56602}.Release|Any CPU.Build.0 = Release|Any CPU
		{CC99DA13-EE29-4419-9E53-4E10FDC0BCC1}.Debug|Any CPU.ActiveCfg = Debug|Any CPU
		{CC99DA13-EE29-4419-9E53-4E10FDC0BCC1}.Debug|Any CPU.Build.0 = Debug|Any CPU
		{CC99DA13-EE29-4419-9E53-4E10FDC0BCC1}.Release|Any CPU.ActiveCfg = Release|Any CPU
		{CC99DA13-EE29-4419-9E53-4E10FDC0BCC1}.Release|Any CPU.Build.0 = Release|Any CPU
	EndGlobalSection
	GlobalSection(SolutionProperties) = preSolution
		HideSolutionNode = FALSE
	EndGlobalSection
EndGlobal
